
Microsoft Visual Studio Solution File, Format Version 12.00
# Visual Studio Version 17
VisualStudioVersion = 17.11.35327.3
MinimumVisualStudioVersion = 10.0.40219.1
Project("{FAE04EC0-301F-11D3-BF4B-00C04F79EFBC}") = "POO", "POO\POO.csproj", "{F75B77FA-318C-40EA-8295-0A3D4BB2BE44}"
EndProject
Global
	GlobalSection(SolutionConfigurationPlatforms) = preSolution
		Debug|Any CPU = Debug|Any CPU
		Release|Any CPU = Release|Any CPU
	EndGlobalSection
	GlobalSection(ProjectConfigurationPlatforms) = postSolution
		{F75B77FA-318C-40EA-8295-0A3D4BB2BE44}.Debug|Any CPU.ActiveCfg = Debug|Any CPU
		{F75B77FA-318C-40EA-8295-0A3D4BB2BE44}.Debug|Any CPU.Build.0 = Debug|Any CPU
		{F75B77FA-318C-40EA-8295-0A3D4BB2BE44}.Release|Any CPU.ActiveCfg = Release|Any CPU
		{F75B77FA-318C-40EA-8295-0A3D4BB2BE44}.Release|Any CPU.Build.0 = Release|Any CPU
	EndGlobalSection
	GlobalSection(SolutionProperties) = preSolution
		HideSolutionNode = FALSE
	EndGlobalSection
	GlobalSection(ExtensibilityGlobals) = postSolution
		SolutionGuid = {DFB29CB9-AB6B-47C2-A91C-7BBC03521918}
	EndGlobalSection
EndGlobal
